
Microsoft Visual Studio Solution File, Format Version 12.00
# Visual Studio Version 17
VisualStudioVersion = 17.4.33110.190
MinimumVisualStudioVersion = 10.0.40219.1
Project("{FAE04EC0-301F-11D3-BF4B-00C04F79EFBC}") = "SuperNews", "SuperNews\SuperNews.csproj", "{EB84A405-85E5-4F31-8AD7-5803ECEF03B1}"
EndProject
Global
	GlobalSection(SolutionConfigurationPlatforms) = preSolution
		Debug|Any CPU = Debug|Any CPU
		Release|Any CPU = Release|Any CPU
	EndGlobalSection
	GlobalSection(ProjectConfigurationPlatforms) = postSolution
		{EB84A405-85E5-4F31-8AD7-5803ECEF03B1}.Debug|Any CPU.ActiveCfg = Debug|Any CPU
		{EB84A405-85E5-4F31-8AD7-5803ECEF03B1}.Debug|Any CPU.Build.0 = Debug|Any CPU
		{EB84A405-85E5-4F31-8AD7-5803ECEF03B1}.Release|Any CPU.ActiveCfg = Release|Any CPU
		{EB84A405-85E5-4F31-8AD7-5803ECEF03B1}.Release|Any CPU.Build.0 = Release|Any CPU
	EndGlobalSection
	GlobalSection(SolutionProperties) = preSolution
		HideSolutionNode = FALSE
	EndGlobalSection
	GlobalSection(ExtensibilityGlobals) = postSolution
		SolutionGuid = {FCBFDD46-6C64-4027-86B7-8903D1E5AF64}
	EndGlobalSection
EndGlobal
